
Microsoft Visual Studio Solution File, Format Version 12.00
# Visual Studio Version 17
VisualStudioVersion = 17.3.32901.215
MinimumVisualStudioVersion = 10.0.40219.1
Project("{FAE04EC0-301F-11D3-BF4B-00C04F79EFBC}") = "Efficiency", "Efficiency\Efficiency.csproj", "{BF2A4599-E285-423B-8340-6615FD981C4D}"
EndProject
Global
	GlobalSection(SolutionConfigurationPlatforms) = preSolution
		Debug|Any CPU = Debug|Any CPU
		Release|Any CPU = Release|Any CPU
	EndGlobalSection
	GlobalSection(ProjectConfigurationPlatforms) = postSolution
		{BF2A4599-E285-423B-8340-6615FD981C4D}.Debug|Any CPU.ActiveCfg = Debug|Any CPU
		{BF2A4599-E285-423B-8340-6615FD981C4D}.Debug|Any CPU.Build.0 = Debug|Any CPU
		{BF2A4599-E285-423B-8340-6615FD981C4D}.Release|Any CPU.ActiveCfg = Release|Any CPU
		{BF2A4599-E285-423B-8340-6615FD981C4D}.Release|Any CPU.Build.0 = Release|Any CPU
	EndGlobalSection
	GlobalSection(SolutionProperties) = preSolution
		HideSolutionNode = FALSE
	EndGlobalSection
	GlobalSection(ExtensibilityGlobals) = postSolution
		SolutionGuid = {6563F451-E1C7-41A5-B33D-CA07E8E5E7F6}
	EndGlobalSection
EndGlobal
